
Microsoft Visual Studio Solution File, Format Version 12.00
# Visual Studio Version 16
VisualStudioVersion = 16.0.29806.167
MinimumVisualStudioVersion = 10.0.40219.1
Project("{FAE04EC0-301F-11D3-BF4B-00C04F79EFBC}") = "UWP", "CryptoTracker\UWP.csproj", "{7E2C342E-1D50-499B-9006-7CD6AC674534}"
EndProject
Project("{FAE04EC0-301F-11D3-BF4B-00C04F79EFBC}") = "UWP.Background", "UWP.Background\UWP.Background.csproj", "{D8608452-343A-4DAB-ACF3-AF7F81947652}"
EndProject
Project("{FAE04EC0-301F-11D3-BF4B-00C04F79EFBC}") = "Test", "Test\Test.csproj", "{A952A7BD-FCA4-4573-AED4-BBCD28987C03}"
EndProject
Global
	GlobalSection(SolutionConfigurationPlatforms) = preSolution
		Debug|Any CPU = Debug|Any CPU
		Debug|ARM = Debug|ARM
		Debug|ARM64 = Debug|ARM64
		Debug|x64 = Debug|x64
		Debug|x86 = Debug|x86
		Release|Any CPU = Release|Any CPU
		Release|ARM = Release|ARM
		Release|ARM64 = Release|ARM64
		Release|x64 = Release|x64
		Release|x86 = Release|x86
	EndGlobalSection
	GlobalSection(ProjectConfigurationPlatforms) = postSolution
		{7E2C342E-1D50-499B-9006-7CD6AC674534}.Debug|Any CPU.ActiveCfg = Debug|x86
		{7E2C342E-1D50-499B-9006-7CD6AC674534}.Debug|Any CPU.Build.0 = Debug|x86
		{7E2C342E-1D50-499B-9006-7CD6AC674534}.Debug|Any CPU.Deploy.0 = Debug|x86
		{7E2C342E-1D50-499B-9006-7CD6AC674534}.Debug|ARM.ActiveCfg = Debug|ARM
		{7E2C342E-1D50-499B-9006-7CD6AC674534}.Debug|ARM.Build.0 = Debug|ARM
		{7E2C342E-1D50-499B-9006-7CD6AC674534}.Debug|ARM.Deploy.0 = Debug|ARM
		{7E2C342E-1D50-499B-9006-7CD6AC674534}.Debug|ARM64.ActiveCfg = Debug|Any CPU
		{7E2C342E-1D50-499B-9006-7CD6AC674534}.Debug|ARM64.Build.0 = Debug|Any CPU
		{7E2C342E-1D50-499B-9006-7CD6AC674534}.Debug|ARM64.Deploy.0 = Debug|Any CPU
		{7E2C342E-1D50-499B-9006-7CD6AC674534}.Debug|x64.ActiveCfg = Debug|x64
		{7E2C342E-1D50-499B-9006-7CD6AC674534}.Debug|x64.Build.0 = Debug|x64
		{7E2C342E-1D50-499B-9006-7CD6AC674534}.Debug|x64.Deploy.0 = Debug|x64
		{7E2C342E-1D50-499B-9006-7CD6AC674534}.Debug|x86.ActiveCfg = Debug|x86
		{7E2C342E-1D50-499B-9006-7CD6AC674534}.Debug|x86.Build.0 = Debug|x86
		{7E2C342E-1D50-499B-9006-7CD6AC674534}.Debug|x86.Deploy.0 = Debug|x86
		{7E2C342E-1D50-499B-9006-7CD6AC674534}.Release|Any CPU.ActiveCfg = Release|x86
		{7E2C342E-1D50-499B-9006-7CD6AC674534}.Release|ARM.ActiveCfg = Release|ARM
		{7E2C342E-1D50-499B-9006-7CD6AC674534}.Release|ARM.Build.0 = Release|ARM
		{7E2C342E-1D50-499B-9006-7CD6AC674534}.Release|ARM.Deploy.0 = Release|ARM
		{7E2C342E-1D50-499B-9006-7CD6AC674534}.Release|ARM64.ActiveCfg = Release|Any CPU
		{7E2C342E-1D50-499B-9006-7CD6AC674534}.Release|ARM64.Build.0 = Release|Any CPU
		{7E2C342E-1D50-499B-9006-7CD6AC674534}.Release|ARM64.Deploy.0 = Release|Any CPU
		{7E2C342E-1D50-499B-9006-7CD6AC674534}.Release|x64.ActiveCfg = Release|x64
		{7E2C342E-1D50-499B-9006-7CD6AC674534}.Release|x64.Build.0 = Release|x64
		{7E2C342E-1D50-499B-9006-7CD6AC674534}.Release|x64.Deploy.0 = Release|x64
		{7E2C342E-1D50-499B-9006-7CD6AC674534}.Release|x86.ActiveCfg = Release|x86
		{7E2C342E-1D50-499B-9006-7CD6AC674534}.Release|x86.Build.0 = Release|x86
		{7E2C342E-1D50-499B-9006-7CD6AC674534}.Release|x86.Deploy.0 = Release|x86
		{D8608452-343A-4DAB-ACF3-AF7F81947652}.Debug|Any CPU.ActiveCfg = Debug|Any CPU
		{D8608452-343A-4DAB-ACF3-AF7F81947652}.Debug|Any CPU.Build.0 = Debug|Any CPU
		{D8608452-343A-4DAB-ACF3-AF7F81947652}.Debug|ARM.ActiveCfg = Debug|ARM
		{D8608452-343A-4DAB-ACF3-AF7F81947652}.Debug|ARM.Build.0 = Debug|ARM
		{D8608452-343A-4DAB-ACF3-AF7F81947652}.Debug|ARM64.ActiveCfg = Debug|ARM64
		{D8608452-343A-4DAB-ACF3-AF7F81947652}.Debug|ARM64.Build.0 = Debug|ARM64
		{D8608452-343A-4DAB-ACF3-AF7F81947652}.Debug|x64.ActiveCfg = Debug|x64
		{D8608452-343A-4DAB-ACF3-AF7F81947652}.Debug|x64.Build.0 = Debug|x64
		{D8608452-343A-4DAB-ACF3-AF7F81947652}.Debug|x86.ActiveCfg = Debug|x86
		{D8608452-343A-4DAB-ACF3-AF7F81947652}.Debug|x86.Build.0 = Debug|x86
		{D8608452-343A-4DAB-ACF3-AF7F81947652}.Release|Any CPU.ActiveCfg = Release|Any CPU
		{D8608452-343A-4DAB-ACF3-AF7F81947652}.Release|Any CPU.Build.0 = Release|Any CPU
		{D8608452-343A-4DAB-ACF3-AF7F81947652}.Release|ARM.ActiveCfg = Release|ARM
		{D8608452-343A-4DAB-ACF3-AF7F81947652}.Release|ARM.Build.0 = Release|ARM
		{D8608452-343A-4DAB-ACF3-AF7F81947652}.Release|ARM64.ActiveCfg = Release|ARM64
		{D8608452-343A-4DAB-ACF3-AF7F81947652}.Release|ARM64.Build.0 = Release|ARM64
		{D8608452-343A-4DAB-ACF3-AF7F81947652}.Release|x64.ActiveCfg = Release|x64
		{D8608452-343A-4DAB-ACF3-AF7F81947652}.Release|x64.Build.0 = Release|x64
		{D8608452-343A-4DAB-ACF3-AF7F81947652}.Release|x86.ActiveCfg = Release|x86
		{D8608452-343A-4DAB-ACF3-AF7F81947652}.Release|x86.Build.0 = Release|x86
		{A952A7BD-FCA4-4573-AED4-BBCD28987C03}.Debug|Any CPU.ActiveCfg = Debug|Any CPU
		{A952A7BD-FCA4-4573-AED4-BBCD28987C03}.Debug|Any CPU.Build.0 = Debug|Any CPU
		{A952A7BD-FCA4-4573-AED4-BBCD28987C03}.Debug|ARM.ActiveCfg = Debug|Any CPU
		{A952A7BD-FCA4-4573-AED4-BBCD28987C03}.Debug|ARM.Build.0 = Debug|Any CPU
		{A952A7BD-FCA4-4573-AED4-BBCD28987C03}.Debug|ARM64.ActiveCfg = Debug|Any CPU
		{A952A7BD-FCA4-4573-AED4-BBCD28987C03}.Debug|ARM64.Build.0 = Debug|Any CPU
		{A952A7BD-FCA4-4573-AED4-BBCD28987C03}.Debug|x64.ActiveCfg = Debug|Any CPU
		{A952A7BD-FCA4-4573-AED4-BBCD28987C03}.Debug|x64.Build.0 = Debug|Any CPU
		{A952A7BD-FCA4-4573-AED4-BBCD28987C03}.Debug|x86.ActiveCfg = Debug|Any CPU
		{A952A7BD-FCA4-4573-AED4-BBCD28987C03}.Debug|x86.Build.0 = Debug|Any CPU
		{A952A7BD-FCA4-4573-AED4-BBCD28987C03}.Release|Any CPU.ActiveCfg = Release|Any CPU
		{A952A7BD-FCA4-4573-AED4-BBCD28987C03}.Release|Any CPU.Build.0 = Release|Any CPU
		{A952A7BD-FCA4-4573-AED4-BBCD28987C03}.Release|ARM.ActiveCfg = Release|Any CPU
		{A952A7BD-FCA4-4573-AED4-BBCD28987C03}.Release|ARM.Build.0 = Release|Any CPU
		{A952A7BD-FCA4-4573-AED4-BBCD28987C03}.Release|ARM64.ActiveCfg = Release|Any CPU
		{A952A7BD-FCA4-4573-AED4-BBCD28987C03}.Release|ARM64.Build.0 = Release|Any CPU
		{A952A7BD-FCA4-4573-AED4-BBCD28987C03}.Release|x64.ActiveCfg = Release|Any CPU
		{A952A7BD-FCA4-4573-AED4-BBCD28987C03}.Release|x64.Build.0 = Release|Any CPU
		{A952A7BD-FCA4-4573-AED4-BBCD28987C03}.Release|x86.ActiveCfg = Release|Any CPU
		{A952A7BD-FCA4-4573-AED4-BBCD28987C03}.Release|x86.Build.0 = Release|Any CPU
	EndGlobalSection
	GlobalSection(SolutionProperties) = preSolution
		HideSolutionNode = FALSE
	EndGlobalSection
	GlobalSection(ExtensibilityGlobals) = postSolution
		SolutionGuid = {6478F30E-15AA-43A1-8B6F-A975E32F6895}
	EndGlobalSection
EndGlobal
